hash: 5ad39655ab99cd26c11eaecf6d2d331b4388d9d0234e921aeb8abf84b4b6759a
updated: 2016-11-07T13:35:58.371764948-08:00
imports:
- name: github.com/alexjlockwood/gcm
  version: 2407bc782264326a3d4c71dd1ebeb8ab75221923
- name: github.com/anachronistic/apns
  version: 91763352f7bfc26cca140cda1dad70e0ec9a4236
- name: github.com/braintree/manners
  version: 82a8879fc5fd0381fa8b2d8033b19bf255252088
- name: github.com/davecgh/go-spew
  version: 6d212800a42e8ab5c146b8ace3490ee17e5225f9
  subpackages:
  - spew
- name: github.com/garyburd/redigo
  version: 80f7de34463b0ed3d7c61303e5619efe1b227f92
  subpackages:
  - redis
  - internal
- name: github.com/golang/groupcache
  version: a6b377e3400b08991b80d6805d627f347f983866
  subpackages:
  - lru
- name: github.com/gorilla/context
  version: 08b5f424b9271eedf6f9f0ce86cb9396ed337a42
- name: github.com/gorilla/mux
  version: 757bef944d0f21880861c2dd9c871ca543023cba
- name: github.com/kyokomi/emoji
  version: 17c5e7085c9d59630aa578df67f4469481fbe7a9
- name: github.com/pmezard/go-difflib
  version: d8ed2627bdf02c080bf22230dbb337003b7aba2d
  subpackages:
  - difflib
- name: github.com/stretchr/objx
  version: cbeaeb16a013161a98496fad62933b1d21786672
- name: github.com/stretchr/testify
  version: 976c720a22c8eb4eb6a0b4348ad85ad12491a506
  subpackages:
  - mock
  - assert
- name: gopkg.in/throttled/throttled.v1
  version: 74e328a1af88a9b54f9eca1397d74ad98572a6df
  subpackages:
  - store
testImports: []
